
Microsoft Visual Studio Solution File, Format Version 12.00
# Visual Studio Version 17
VisualStudioVersion = 17.2.32616.157
MinimumVisualStudioVersion = 10.0.40219.1
Project("{FAE04EC0-301F-11D3-BF4B-00C04F79EFBC}") = "Unideckbuildduel", "Unideckbuildduel\Unideckbuildduel.csproj", "{13669717-888F-4EC0-8A12-249FBC0DF44E}"
EndProject
Global
	GlobalSection(SolutionConfigurationPlatforms) = preSolution
		Debug|Any CPU = Debug|Any CPU
		Release|Any CPU = Release|Any CPU
	EndGlobalSection
	GlobalSection(ProjectConfigurationPlatforms) = postSolution
		{13669717-888F-4EC0-8A12-249FBC0DF44E}.Debug|Any CPU.ActiveCfg = Debug|Any CPU
		{13669717-888F-4EC0-8A12-249FBC0DF44E}.Debug|Any CPU.Build.0 = Debug|Any CPU
		{13669717-888F-4EC0-8A12-249FBC0DF44E}.Release|Any CPU.ActiveCfg = Release|Any CPU
		{13669717-888F-4EC0-8A12-249FBC0DF44E}.Release|Any CPU.Build.0 = Release|Any CPU
	EndGlobalSection
	GlobalSection(SolutionProperties) = preSolution
		HideSolutionNode = FALSE
	EndGlobalSection
	GlobalSection(ExtensibilityGlobals) = postSolution
		SolutionGuid = {2A8F8B59-854B-44F1-9363-67E329FD2710}
	EndGlobalSection
EndGlobal
